
Microsoft Visual Studio Solution File, Format Version 12.00
# Visual Studio Version 17
VisualStudioVersion = 17.5.002.0
MinimumVisualStudioVersion = 10.0.40219.1
Project("{9A19103F-16F7-4668-BE54-9A1E7A4F7556}") = "StackUpDAO.Tests", "test\StackUpDAO.Tests.csproj", "{67F2EC03-F202-49ED-8DD4-1FA3BAC7822C}"
EndProject
Project("{9A19103F-16F7-4668-BE54-9A1E7A4F7556}") = "StackUpDAO", "src\StackUpDAO.csproj", "{67DC4F76-01D5-47CB-A47A-6B36426B61C1}"
EndProject
Global
	GlobalSection(SolutionConfigurationPlatforms) = preSolution
		Debug|Any CPU = Debug|Any CPU
		Release|Any CPU = Release|Any CPU
	EndGlobalSection
	GlobalSection(ProjectConfigurationPlatforms) = postSolution
		{67F2EC03-F202-49ED-8DD4-1FA3BAC7822C}.Debug|Any CPU.ActiveCfg = Debug|Any CPU
		{67F2EC03-F202-49ED-8DD4-1FA3BAC7822C}.Debug|Any CPU.Build.0 = Debug|Any CPU
		{67F2EC03-F202-49ED-8DD4-1FA3BAC7822C}.Release|Any CPU.ActiveCfg = Release|Any CPU
		{67F2EC03-F202-49ED-8DD4-1FA3BAC7822C}.Release|Any CPU.Build.0 = Release|Any CPU
		{67DC4F76-01D5-47CB-A47A-6B36426B61C1}.Debug|Any CPU.ActiveCfg = Debug|Any CPU
		{67DC4F76-01D5-47CB-A47A-6B36426B61C1}.Debug|Any CPU.Build.0 = Debug|Any CPU
		{67DC4F76-01D5-47CB-A47A-6B36426B61C1}.Release|Any CPU.ActiveCfg = Release|Any CPU
		{67DC4F76-01D5-47CB-A47A-6B36426B61C1}.Release|Any CPU.Build.0 = Release|Any CPU
	EndGlobalSection
	GlobalSection(SolutionProperties) = preSolution
		HideSolutionNode = FALSE
	EndGlobalSection
	GlobalSection(ExtensibilityGlobals) = postSolution
		SolutionGuid = {E44CBC40-A04F-4246-B183-8BCBBC92E18A}
	EndGlobalSection
EndGlobal
